
Microsoft Visual Studio Solution File, Format Version 12.00
# Visual Studio Version 16
VisualStudioVersion = 16.0.28803.156
MinimumVisualStudioVersion = 10.0.40219.1
Project("{9A19103F-16F7-4668-BE54-9A1E7A4F7556}") = "SIS.HTTP", "SIS.HTTP\SIS.HTTP.csproj", "{B0EFD95C-2CC9-4A0D-AC00-97D65BED98DF}"
	ProjectSection(ProjectDependencies) = postProject
		{398A1875-E219-420F-9189-56F546A653AA} = {398A1875-E219-420F-9189-56F546A653AA}
	EndProjectSection
EndProject
Project("{9A19103F-16F7-4668-BE54-9A1E7A4F7556}") = "IRunes.App", "IRunes.App\IRunes.App.csproj", "{85F4A1ED-5C82-4E20-8E7A-612473D3BD00}"
EndProject
Project("{9A19103F-16F7-4668-BE54-9A1E7A4F7556}") = "IRunes.Data", "IRunes.Data\IRunes.Data.csproj", "{DA3252BA-A269-4D55-AC58-7327D84F4E77}"
EndProject
Project("{9A19103F-16F7-4668-BE54-9A1E7A4F7556}") = "IRunes.Models", "IRunes.Models\IRunes.Models.csproj", "{8B2EADB8-2E3D-4F1B-B4A2-730999DBBFFB}"
EndProject
Project("{2150E333-8FDC-42A3-9474-1A3956D46DE8}") = "Apps", "Apps", "{94A4DF0D-663A-4C14-B190-D642F4D31DFB}"
EndProject
Project("{2150E333-8FDC-42A3-9474-1A3956D46DE8}") = "IRunes", "IRunes", "{AFF3A3BB-107C-4A32-9496-3B0474FEFAF3}"
EndProject
Project("{9A19103F-16F7-4668-BE54-9A1E7A4F7556}") = "IRunes.Services", "IRunes.Services\IRunes.Services.csproj", "{A7A5223C-D9A4-480D-9C5C-8482CED6C542}"
EndProject
Project("{9A19103F-16F7-4668-BE54-9A1E7A4F7556}") = "SIS.MvcFramework.Tests", "SIS.MvcFramework.Tests\SIS.MvcFramework.Tests.csproj", "{ACA3B5ED-2CB3-42E7-9FC1-1D8C3A014D6D}"
EndProject
Project("{9A19103F-16F7-4668-BE54-9A1E7A4F7556}") = "SIS.MvcFramework", "SIS.MvcFramework\SIS.MvcFramework.csproj", "{69DB02D6-3E88-4793-BA48-7722A65051B3}"
EndProject
Project("{9A19103F-16F7-4668-BE54-9A1E7A4F7556}") = "SIS.Common", "SIS.Common\SIS.Common.csproj", "{398A1875-E219-420F-9189-56F546A653AA}"
EndProject
Project("{9A19103F-16F7-4668-BE54-9A1E7A4F7556}") = "SIS.SandBox", "Applications\SIS.SandBox\SIS.SandBox.csproj", "{9655E148-55AE-4827-B7BC-CD7F31F0E347}"
EndProject
Project("{2150E333-8FDC-42A3-9474-1A3956D46DE8}") = "Applications", "Applications", "{3DA7EA74-386B-40A5-AA92-7E2FDC639C34}"
EndProject
Project("{2150E333-8FDC-42A3-9474-1A3956D46DE8}") = "Panda", "Panda", "{65BBF2A6-9D04-4670-B01E-6336C6CC875C}"
EndProject
Project("{FAE04EC0-301F-11D3-BF4B-00C04F79EFBC}") = "Panda.App", "Applications\Panda\Panda.App\Panda.App.csproj", "{0F34D860-3BB5-4B94-BB1C-4F2C1FE06DCB}"
	ProjectSection(ProjectDependencies) = postProject
		{5F3320D4-09A2-44FF-A048-65C5CA794706} = {5F3320D4-09A2-44FF-A048-65C5CA794706}
		{69DB02D6-3E88-4793-BA48-7722A65051B3} = {69DB02D6-3E88-4793-BA48-7722A65051B3}
		{233907E8-721A-4A7C-96BA-D1DF6E3778BD} = {233907E8-721A-4A7C-96BA-D1DF6E3778BD}
	EndProjectSection
EndProject
Project("{FAE04EC0-301F-11D3-BF4B-00C04F79EFBC}") = "Panda.Services", "Applications\Panda\Panda.Services\Panda.Services.csproj", "{5F3320D4-09A2-44FF-A048-65C5CA794706}"
	ProjectSection(ProjectDependencies) = postProject
		{233907E8-721A-4A7C-96BA-D1DF6E3778BD} = {233907E8-721A-4A7C-96BA-D1DF6E3778BD}
	EndProjectSection
EndProject
Project("{FAE04EC0-301F-11D3-BF4B-00C04F79EFBC}") = "Panda.Data", "Applications\Panda\Panda.Data\Panda.Data.csproj", "{233907E8-721A-4A7C-96BA-D1DF6E3778BD}"
EndProject
Global
	GlobalSection(SolutionConfigurationPlatforms) = preSolution
		Debug|Any CPU = Debug|Any CPU
		Release|Any CPU = Release|Any CPU
	EndGlobalSection
	GlobalSection(ProjectConfigurationPlatforms) = postSolution
		{B0EFD95C-2CC9-4A0D-AC00-97D65BED98DF}.Debug|Any CPU.ActiveCfg = Debug|Any CPU
		{B0EFD95C-2CC9-4A0D-AC00-97D65BED98DF}.Debug|Any CPU.Build.0 = Debug|Any CPU
		{B0EFD95C-2CC9-4A0D-AC00-97D65BED98DF}.Release|Any CPU.ActiveCfg = Release|Any CPU
		{B0EFD95C-2CC9-4A0D-AC00-97D65BED98DF}.Release|Any CPU.Build.0 = Release|Any CPU
		{85F4A1ED-5C82-4E20-8E7A-612473D3BD00}.Debug|Any CPU.ActiveCfg = Debug|Any CPU
		{85F4A1ED-5C82-4E20-8E7A-612473D3BD00}.Debug|Any CPU.Build.0 = Debug|Any CPU
		{85F4A1ED-5C82-4E20-8E7A-612473D3BD00}.Release|Any CPU.ActiveCfg = Release|Any CPU
		{85F4A1ED-5C82-4E20-8E7A-612473D3BD00}.Release|Any CPU.Build.0 = Release|Any CPU
		{DA3252BA-A269-4D55-AC58-7327D84F4E77}.Debug|Any CPU.ActiveCfg = Debug|Any CPU
		{DA3252BA-A269-4D55-AC58-7327D84F4E77}.Debug|Any CPU.Build.0 = Debug|Any CPU
		{DA3252BA-A269-4D55-AC58-7327D84F4E77}.Release|Any CPU.ActiveCfg = Release|Any CPU
		{DA3252BA-A269-4D55-AC58-7327D84F4E77}.Release|Any CPU.Build.0 = Release|Any CPU
		{8B2EADB8-2E3D-4F1B-B4A2-730999DBBFFB}.Debug|Any CPU.ActiveCfg = Debug|Any CPU
		{8B2EADB8-2E3D-4F1B-B4A2-730999DBBFFB}.Debug|Any CPU.Build.0 = Debug|Any CPU
		{8B2EADB8-2E3D-4F1B-B4A2-730999DBBFFB}.Release|Any CPU.ActiveCfg = Release|Any CPU
		{8B2EADB8-2E3D-4F1B-B4A2-730999DBBFFB}.Release|Any CPU.Build.0 = Release|Any CPU
		{A7A5223C-D9A4-480D-9C5C-8482CED6C542}.Debug|Any CPU.ActiveCfg = Debug|Any CPU
		{A7A5223C-D9A4-480D-9C5C-8482CED6C542}.Debug|Any CPU.Build.0 = Debug|Any CPU
		{A7A5223C-D9A4-480D-9C5C-8482CED6C542}.Release|Any CPU.ActiveCfg = Release|Any CPU
		{A7A5223C-D9A4-480D-9C5C-8482CED6C542}.Release|Any CPU.Build.0 = Release|Any CPU
		{ACA3B5ED-2CB3-42E7-9FC1-1D8C3A014D6D}.Debug|Any CPU.ActiveCfg = Debug|Any CPU
		{ACA3B5ED-2CB3-42E7-9FC1-1D8C3A014D6D}.Debug|Any CPU.Build.0 = Debug|Any CPU
		{ACA3B5ED-2CB3-42E7-9FC1-1D8C3A014D6D}.Release|Any CPU.ActiveCfg = Release|Any CPU
		{ACA3B5ED-2CB3-42E7-9FC1-1D8C3A014D6D}.Release|Any CPU.Build.0 = Release|Any CPU
		{69DB02D6-3E88-4793-BA48-7722A65051B3}.Debug|Any CPU.ActiveCfg = Debug|Any CPU
		{69DB02D6-3E88-4793-BA48-7722A65051B3}.Debug|Any CPU.Build.0 = Debug|Any CPU
		{69DB02D6-3E88-4793-BA48-7722A65051B3}.Release|Any CPU.ActiveCfg = Release|Any CPU
		{69DB02D6-3E88-4793-BA48-7722A65051B3}.Release|Any CPU.Build.0 = Release|Any CPU
		{398A1875-E219-420F-9189-56F546A653AA}.Debug|Any CPU.ActiveCfg = Debug|Any CPU
		{398A1875-E219-420F-9189-56F546A653AA}.Debug|Any CPU.Build.0 = Debug|Any CPU
		{398A1875-E219-420F-9189-56F546A653AA}.Release|Any CPU.ActiveCfg = Release|Any CPU
		{398A1875-E219-420F-9189-56F546A653AA}.Release|Any CPU.Build.0 = Release|Any CPU
		{9655E148-55AE-4827-B7BC-CD7F31F0E347}.Debug|Any CPU.ActiveCfg = Debug|Any CPU
		{9655E148-55AE-4827-B7BC-CD7F31F0E347}.Debug|Any CPU.Build.0 = Debug|Any CPU
		{9655E148-55AE-4827-B7BC-CD7F31F0E347}.Release|Any CPU.ActiveCfg = Release|Any CPU
		{9655E148-55AE-4827-B7BC-CD7F31F0E347}.Release|Any CPU.Build.0 = Release|Any CPU
		{0F34D860-3BB5-4B94-BB1C-4F2C1FE06DCB}.Debug|Any CPU.ActiveCfg = Debug|Any CPU
		{0F34D860-3BB5-4B94-BB1C-4F2C1FE06DCB}.Debug|Any CPU.Build.0 = Debug|Any CPU
		{0F34D860-3BB5-4B94-BB1C-4F2C1FE06DCB}.Release|Any CPU.ActiveCfg = Release|Any CPU
		{0F34D860-3BB5-4B94-BB1C-4F2C1FE06DCB}.Release|Any CPU.Build.0 = Release|Any CPU
		{5F3320D4-09A2-44FF-A048-65C5CA794706}.Debug|Any CPU.ActiveCfg = Debug|Any CPU
		{5F3320D4-09A2-44FF-A048-65C5CA794706}.Debug|Any CPU.Build.0 = Debug|Any CPU
		{5F3320D4-09A2-44FF-A048-65C5CA794706}.Release|Any CPU.ActiveCfg = Release|Any CPU
		{5F3320D4-09A2-44FF-A048-65C5CA794706}.Release|Any CPU.Build.0 = Release|Any CPU
		{233907E8-721A-4A7C-96BA-D1DF6E3778BD}.Debug|Any CPU.ActiveCfg = Debug|Any CPU
		{233907E8-721A-4A7C-96BA-D1DF6E3778BD}.Debug|Any CPU.Build.0 = Debug|Any CPU
		{233907E8-721A-4A7C-96BA-D1DF6E3778BD}.Release|Any CPU.ActiveCfg = Release|Any CPU
		{233907E8-721A-4A7C-96BA-D1DF6E3778BD}.Release|Any CPU.Build.0 = Release|Any CPU
	EndGlobalSection
	GlobalSection(SolutionProperties) = preSolution
		HideSolutionNode = FALSE
	EndGlobalSection
	GlobalSection(NestedProjects) = preSolution
		{85F4A1ED-5C82-4E20-8E7A-612473D3BD00} = {AFF3A3BB-107C-4A32-9496-3B0474FEFAF3}
		{DA3252BA-A269-4D55-AC58-7327D84F4E77} = {AFF3A3BB-107C-4A32-9496-3B0474FEFAF3}
		{8B2EADB8-2E3D-4F1B-B4A2-730999DBBFFB} = {AFF3A3BB-107C-4A32-9496-3B0474FEFAF3}
		{AFF3A3BB-107C-4A32-9496-3B0474FEFAF3} = {94A4DF0D-663A-4C14-B190-D642F4D31DFB}
		{A7A5223C-D9A4-480D-9C5C-8482CED6C542} = {AFF3A3BB-107C-4A32-9496-3B0474FEFAF3}
		{9655E148-55AE-4827-B7BC-CD7F31F0E347} = {94A4DF0D-663A-4C14-B190-D642F4D31DFB}
		{65BBF2A6-9D04-4670-B01E-6336C6CC875C} = {3DA7EA74-386B-40A5-AA92-7E2FDC639C34}
		{0F34D860-3BB5-4B94-BB1C-4F2C1FE06DCB} = {65BBF2A6-9D04-4670-B01E-6336C6CC875C}
		{5F3320D4-09A2-44FF-A048-65C5CA794706} = {65BBF2A6-9D04-4670-B01E-6336C6CC875C}
		{233907E8-721A-4A7C-96BA-D1DF6E3778BD} = {65BBF2A6-9D04-4670-B01E-6336C6CC875C}
	EndGlobalSection
	GlobalSection(ExtensibilityGlobals) = postSolution
		SolutionGuid = {95749778-C448-4913-B813-04C78D964222}
	EndGlobalSection
EndGlobal
