
Microsoft Visual Studio Solution File, Format Version 12.00
# Visual Studio Version 16
VisualStudioVersion = 16.0.28803.156
MinimumVisualStudioVersion = 10.0.40219.1
Project("{9A19103F-16F7-4668-BE54-9A1E7A4F7556}") = "SIS.HTTP", "SIS.HTTP\SIS.HTTP.csproj", "{B0EFD95C-2CC9-4A0D-AC00-97D65BED98DF}"
	ProjectSection(ProjectDependencies) = postProject
		{398A1875-E219-420F-9189-56F546A653AA} = {398A1875-E219-420F-9189-56F546A653AA}
	EndProjectSection
EndProject
Project("{9A19103F-16F7-4668-BE54-9A1E7A4F7556}") = "SIS.MvcFramework.Tests", "SIS.MvcFramework.Tests\SIS.MvcFramework.Tests.csproj", "{ACA3B5ED-2CB3-42E7-9FC1-1D8C3A014D6D}"
EndProject
Project("{9A19103F-16F7-4668-BE54-9A1E7A4F7556}") = "SIS.MvcFramework", "SIS.MvcFramework\SIS.MvcFramework.csproj", "{69DB02D6-3E88-4793-BA48-7722A65051B3}"
EndProject
Project("{9A19103F-16F7-4668-BE54-9A1E7A4F7556}") = "SIS.Common", "SIS.Common\SIS.Common.csproj", "{398A1875-E219-420F-9189-56F546A653AA}"
EndProject
Project("{2150E333-8FDC-42A3-9474-1A3956D46DE8}") = "Applications", "Applications", "{3DA7EA74-386B-40A5-AA92-7E2FDC639C34}"
EndProject
Project("{2150E333-8FDC-42A3-9474-1A3956D46DE8}") = "Panda", "Panda", "{65BBF2A6-9D04-4670-B01E-6336C6CC875C}"
EndProject
Project("{9A19103F-16F7-4668-BE54-9A1E7A4F7556}") = "Panda.App", "Applications\Panda\Panda.App\Panda.App.csproj", "{0F34D860-3BB5-4B94-BB1C-4F2C1FE06DCB}"
	ProjectSection(ProjectDependencies) = postProject
		{5F3320D4-09A2-44FF-A048-65C5CA794706} = {5F3320D4-09A2-44FF-A048-65C5CA794706}
		{69DB02D6-3E88-4793-BA48-7722A65051B3} = {69DB02D6-3E88-4793-BA48-7722A65051B3}
		{233907E8-721A-4A7C-96BA-D1DF6E3778BD} = {233907E8-721A-4A7C-96BA-D1DF6E3778BD}
	EndProjectSection
EndProject
Project("{9A19103F-16F7-4668-BE54-9A1E7A4F7556}") = "Panda.Services", "Applications\Panda\Panda.Services\Panda.Services.csproj", "{5F3320D4-09A2-44FF-A048-65C5CA794706}"
	ProjectSection(ProjectDependencies) = postProject
		{233907E8-721A-4A7C-96BA-D1DF6E3778BD} = {233907E8-721A-4A7C-96BA-D1DF6E3778BD}
	EndProjectSection
EndProject
Project("{9A19103F-16F7-4668-BE54-9A1E7A4F7556}") = "Panda.Data", "Applications\Panda\Panda.Data\Panda.Data.csproj", "{233907E8-721A-4A7C-96BA-D1DF6E3778BD}"
EndProject
Project("{2150E333-8FDC-42A3-9474-1A3956D46DE8}") = "IRunes", "IRunes", "{B6B2E87E-1AE3-404F-802B-E09B9BECB8BB}"
EndProject
Project("{FAE04EC0-301F-11D3-BF4B-00C04F79EFBC}") = "IRunes.App", "Applications\IRunes\IRunes.App\IRunes.App.csproj", "{0D91631D-37F5-4624-B5A0-5B8B5B5578BF}"
EndProject
Project("{FAE04EC0-301F-11D3-BF4B-00C04F79EFBC}") = "IRunes.Data", "Applications\IRunes\IRunes.Data\IRunes.Data.csproj", "{1FDB4914-B8F4-44AC-B559-27CEB57E97A6}"
EndProject
Project("{FAE04EC0-301F-11D3-BF4B-00C04F79EFBC}") = "IRunes.Services", "Applications\IRunes\IRunes.Services\IRunes.Services.csproj", "{CF94D702-4DA7-431A-9E05-E7CBF619D06D}"
EndProject
Project("{FAE04EC0-301F-11D3-BF4B-00C04F79EFBC}") = "IRunes.Models", "Applications\IRunes\IRunes.Models\IRunes.Models.csproj", "{E9C7F94C-977E-4CE7-868F-D96A29DDDD2E}"
EndProject
Project("{FAE04EC0-301F-11D3-BF4B-00C04F79EFBC}") = "Panda.Models", "Applications\Panda\Panda.Models\Panda.Models.csproj", "{8A493213-0D8A-4B5D-8A5A-22CE405938F3}"
EndProject
Global
	GlobalSection(SolutionConfigurationPlatforms) = preSolution
		Debug|Any CPU = Debug|Any CPU
		Release|Any CPU = Release|Any CPU
	EndGlobalSection
	GlobalSection(ProjectConfigurationPlatforms) = postSolution
		{B0EFD95C-2CC9-4A0D-AC00-97D65BED98DF}.Debug|Any CPU.ActiveCfg = Debug|Any CPU
		{B0EFD95C-2CC9-4A0D-AC00-97D65BED98DF}.Debug|Any CPU.Build.0 = Debug|Any CPU
		{B0EFD95C-2CC9-4A0D-AC00-97D65BED98DF}.Release|Any CPU.ActiveCfg = Release|Any CPU
		{B0EFD95C-2CC9-4A0D-AC00-97D65BED98DF}.Release|Any CPU.Build.0 = Release|Any CPU
		{ACA3B5ED-2CB3-42E7-9FC1-1D8C3A014D6D}.Debug|Any CPU.ActiveCfg = Debug|Any CPU
		{ACA3B5ED-2CB3-42E7-9FC1-1D8C3A014D6D}.Debug|Any CPU.Build.0 = Debug|Any CPU
		{ACA3B5ED-2CB3-42E7-9FC1-1D8C3A014D6D}.Release|Any CPU.ActiveCfg = Release|Any CPU
		{ACA3B5ED-2CB3-42E7-9FC1-1D8C3A014D6D}.Release|Any CPU.Build.0 = Release|Any CPU
		{69DB02D6-3E88-4793-BA48-7722A65051B3}.Debug|Any CPU.ActiveCfg = Debug|Any CPU
		{69DB02D6-3E88-4793-BA48-7722A65051B3}.Debug|Any CPU.Build.0 = Debug|Any CPU
		{69DB02D6-3E88-4793-BA48-7722A65051B3}.Release|Any CPU.ActiveCfg = Release|Any CPU
		{69DB02D6-3E88-4793-BA48-7722A65051B3}.Release|Any CPU.Build.0 = Release|Any CPU
		{398A1875-E219-420F-9189-56F546A653AA}.Debug|Any CPU.ActiveCfg = Debug|Any CPU
		{398A1875-E219-420F-9189-56F546A653AA}.Debug|Any CPU.Build.0 = Debug|Any CPU
		{398A1875-E219-420F-9189-56F546A653AA}.Release|Any CPU.ActiveCfg = Release|Any CPU
		{398A1875-E219-420F-9189-56F546A653AA}.Release|Any CPU.Build.0 = Release|Any CPU
		{0F34D860-3BB5-4B94-BB1C-4F2C1FE06DCB}.Debug|Any CPU.ActiveCfg = Debug|Any CPU
		{0F34D860-3BB5-4B94-BB1C-4F2C1FE06DCB}.Debug|Any CPU.Build.0 = Debug|Any CPU
		{0F34D860-3BB5-4B94-BB1C-4F2C1FE06DCB}.Release|Any CPU.ActiveCfg = Release|Any CPU
		{0F34D860-3BB5-4B94-BB1C-4F2C1FE06DCB}.Release|Any CPU.Build.0 = Release|Any CPU
		{5F3320D4-09A2-44FF-A048-65C5CA794706}.Debug|Any CPU.ActiveCfg = Debug|Any CPU
		{5F3320D4-09A2-44FF-A048-65C5CA794706}.Debug|Any CPU.Build.0 = Debug|Any CPU
		{5F3320D4-09A2-44FF-A048-65C5CA794706}.Release|Any CPU.ActiveCfg = Release|Any CPU
		{5F3320D4-09A2-44FF-A048-65C5CA794706}.Release|Any CPU.Build.0 = Release|Any CPU
		{233907E8-721A-4A7C-96BA-D1DF6E3778BD}.Debug|Any CPU.ActiveCfg = Debug|Any CPU
		{233907E8-721A-4A7C-96BA-D1DF6E3778BD}.Debug|Any CPU.Build.0 = Debug|Any CPU
		{233907E8-721A-4A7C-96BA-D1DF6E3778BD}.Release|Any CPU.ActiveCfg = Release|Any CPU
		{233907E8-721A-4A7C-96BA-D1DF6E3778BD}.Release|Any CPU.Build.0 = Release|Any CPU
		{0D91631D-37F5-4624-B5A0-5B8B5B5578BF}.Debug|Any CPU.ActiveCfg = Debug|Any CPU
		{0D91631D-37F5-4624-B5A0-5B8B5B5578BF}.Debug|Any CPU.Build.0 = Debug|Any CPU
		{0D91631D-37F5-4624-B5A0-5B8B5B5578BF}.Release|Any CPU.ActiveCfg = Release|Any CPU
		{0D91631D-37F5-4624-B5A0-5B8B5B5578BF}.Release|Any CPU.Build.0 = Release|Any CPU
		{1FDB4914-B8F4-44AC-B559-27CEB57E97A6}.Debug|Any CPU.ActiveCfg = Debug|Any CPU
		{1FDB4914-B8F4-44AC-B559-27CEB57E97A6}.Debug|Any CPU.Build.0 = Debug|Any CPU
		{1FDB4914-B8F4-44AC-B559-27CEB57E97A6}.Release|Any CPU.ActiveCfg = Release|Any CPU
		{1FDB4914-B8F4-44AC-B559-27CEB57E97A6}.Release|Any CPU.Build.0 = Release|Any CPU
		{CF94D702-4DA7-431A-9E05-E7CBF619D06D}.Debug|Any CPU.ActiveCfg = Debug|Any CPU
		{CF94D702-4DA7-431A-9E05-E7CBF619D06D}.Debug|Any CPU.Build.0 = Debug|Any CPU
		{CF94D702-4DA7-431A-9E05-E7CBF619D06D}.Release|Any CPU.ActiveCfg = Release|Any CPU
		{CF94D702-4DA7-431A-9E05-E7CBF619D06D}.Release|Any CPU.Build.0 = Release|Any CPU
		{E9C7F94C-977E-4CE7-868F-D96A29DDDD2E}.Debug|Any CPU.ActiveCfg = Debug|Any CPU
		{E9C7F94C-977E-4CE7-868F-D96A29DDDD2E}.Debug|Any CPU.Build.0 = Debug|Any CPU
		{E9C7F94C-977E-4CE7-868F-D96A29DDDD2E}.Release|Any CPU.ActiveCfg = Release|Any CPU
		{E9C7F94C-977E-4CE7-868F-D96A29DDDD2E}.Release|Any CPU.Build.0 = Release|Any CPU
		{8A493213-0D8A-4B5D-8A5A-22CE405938F3}.Debug|Any CPU.ActiveCfg = Debug|Any CPU
		{8A493213-0D8A-4B5D-8A5A-22CE405938F3}.Debug|Any CPU.Build.0 = Debug|Any CPU
		{8A493213-0D8A-4B5D-8A5A-22CE405938F3}.Release|Any CPU.ActiveCfg = Release|Any CPU
		{8A493213-0D8A-4B5D-8A5A-22CE405938F3}.Release|Any CPU.Build.0 = Release|Any CPU
	EndGlobalSection
	GlobalSection(SolutionProperties) = preSolution
		HideSolutionNode = FALSE
	EndGlobalSection
	GlobalSection(NestedProjects) = preSolution
		{65BBF2A6-9D04-4670-B01E-6336C6CC875C} = {3DA7EA74-386B-40A5-AA92-7E2FDC639C34}
		{0F34D860-3BB5-4B94-BB1C-4F2C1FE06DCB} = {65BBF2A6-9D04-4670-B01E-6336C6CC875C}
		{5F3320D4-09A2-44FF-A048-65C5CA794706} = {65BBF2A6-9D04-4670-B01E-6336C6CC875C}
		{233907E8-721A-4A7C-96BA-D1DF6E3778BD} = {65BBF2A6-9D04-4670-B01E-6336C6CC875C}
		{B6B2E87E-1AE3-404F-802B-E09B9BECB8BB} = {3DA7EA74-386B-40A5-AA92-7E2FDC639C34}
		{0D91631D-37F5-4624-B5A0-5B8B5B5578BF} = {B6B2E87E-1AE3-404F-802B-E09B9BECB8BB}
		{1FDB4914-B8F4-44AC-B559-27CEB57E97A6} = {B6B2E87E-1AE3-404F-802B-E09B9BECB8BB}
		{CF94D702-4DA7-431A-9E05-E7CBF619D06D} = {B6B2E87E-1AE3-404F-802B-E09B9BECB8BB}
		{E9C7F94C-977E-4CE7-868F-D96A29DDDD2E} = {B6B2E87E-1AE3-404F-802B-E09B9BECB8BB}
		{8A493213-0D8A-4B5D-8A5A-22CE405938F3} = {65BBF2A6-9D04-4670-B01E-6336C6CC875C}
	EndGlobalSection
	GlobalSection(ExtensibilityGlobals) = postSolution
		SolutionGuid = {95749778-C448-4913-B813-04C78D964222}
	EndGlobalSection
EndGlobal
